
Microsoft Visual Studio Solution File, Format Version 12.00
# Visual Studio Version 17
VisualStudioVersion = 17.8.34316.72
MinimumVisualStudioVersion = 10.0.40219.1
Project("{FAE04EC0-301F-11D3-BF4B-00C04F79EFBC}") = "TbdApiConsoleApp", "TbdApiConsoleApp\TbdApiConsoleApp.csproj", "{78632A93-3823-43EC-941F-D5793CAF793C}"
EndProject
Global
	GlobalSection(SolutionConfigurationPlatforms) = preSolution
		Debug|Any CPU = Debug|Any CPU
		Release|Any CPU = Release|Any CPU
	EndGlobalSection
	GlobalSection(ProjectConfigurationPlatforms) = postSolution
		{78632A93-3823-43EC-941F-D5793CAF793C}.Debug|Any CPU.ActiveCfg = Debug|Any CPU
		{78632A93-3823-43EC-941F-D5793CAF793C}.Debug|Any CPU.Build.0 = Debug|Any CPU
		{78632A93-3823-43EC-941F-D5793CAF793C}.Release|Any CPU.ActiveCfg = Release|Any CPU
		{78632A93-3823-43EC-941F-D5793CAF793C}.Release|Any CPU.Build.0 = Release|Any CPU
	EndGlobalSection
	GlobalSection(SolutionProperties) = preSolution
		HideSolutionNode = FALSE
	EndGlobalSection
	GlobalSection(ExtensibilityGlobals) = postSolution
		SolutionGuid = {648120A5-2F64-435B-B019-E239A8A4D9BC}
	EndGlobalSection
EndGlobal
